// !$*UTF8*$!
{
	archiveVersion = 1;
	classes = {
	};
	objectVersion = 56;
	objects = {

/* Begin PBXBuildFile section */
		808FFB6D296E6D2B0049E658 /* MoonshotApp.swift in Sources */ = {isa = PBXBuildFile; fileRef = 808FFB6C296E6D2B0049E658 /* MoonshotApp.swift */; };
		808FFB6F296E6D2B0049E658 /* ContentView.swift in Sources */ = {isa = PBXBuildFile; fileRef = 808FFB6E296E6D2B0049E658 /* ContentView.swift */; };
		808FFB71296E6D2C0049E658 /* Assets.xcassets in Resources */ = {isa = PBXBuildFile; fileRef = 808FFB70296E6D2C0049E658 /* Assets.xcassets */; };
		808FFB74296E6D2C0049E658 /* Preview Assets.xcassets in Resources */ = {isa = PBXBuildFile; fileRef = 808FFB73296E6D2C0049E658 /* Preview Assets.xcassets */; };
		808FFB7C296F398A0049E658 /* astronauts.json in Resources */ = {isa = PBXBuildFile; fileRef = 808FFB7A296F398A0049E658 /* astronauts.json */; };
		808FFB7D296F398A0049E658 /* missions.json in Resources */ = {isa = PBXBuildFile; fileRef = 808FFB7B296F398A0049E658 /* missions.json */; };
		808FFB7F296F39DF0049E658 /* Astronaut.swift in Sources */ = {isa = PBXBuildFile; fileRef = 808FFB7E296F39DF0049E658 /* Astronaut.swift */; };
		808FFB81296F3A620049E658 /* Bundle-Decodable.swift in Sources */ = {isa = PBXBuildFile; fileRef = 808FFB80296F3A620049E658 /* Bundle-Decodable.swift */; };
		808FFB83296F3C530049E658 /* Mission.swift in Sources */ = {isa = PBXBuildFile; fileRef = 808FFB82296F3C530049E658 /* Mission.swift */; };
		808FFB85296F42A70049E658 /* Color-Theme.swift in Sources */ = {isa = PBXBuildFile; fileRef = 808FFB84296F42A70049E658 /* Color-Theme.swift */; };
		808FFB87296F45E70049E658 /* MissionView.swift in Sources */ = {isa = PBXBuildFile; fileRef = 808FFB86296F45E70049E658 /* MissionView.swift */; };
		808FFB89296F501F0049E658 /* AstronautView.swift in Sources */ = {isa = PBXBuildFile; fileRef = 808FFB88296F501F0049E658 /* AstronautView.swift */; };
/* End PBXBuildFile section */

/* Begin PBXFileReference section */
		808FFB69296E6D2B0049E658 /* Moonshot.app */ = {isa = PBXFileReference; explicitFileType = wrapper.application; includeInIndex = 0; path = Moonshot.app; sourceTree = BUILT_PRODUCTS_DIR; };
		808FFB6C296E6D2B0049E658 /* MoonshotApp.swift */ = {isa = PBXFileReference; lastKnownFileType = sourcecode.swift; path = MoonshotApp.swift; sourceTree = "<group>"; };
		808FFB6E296E6D2B0049E658 /* ContentView.swift */ = {isa = PBXFileReference; lastKnownFileType = sourcecode.swift; path = ContentView.swift; sourceTree = "<group>"; };
		808FFB70296E6D2C0049E658 /* Assets.xcassets */ = {isa = PBXFileReference; lastKnownFileType = folder.assetcatalog; path = Assets.xcassets; sourceTree = "<group>"; };
		808FFB73296E6D2C0049E658 /* Preview Assets.xcassets */ = {isa = PBXFileReference; lastKnownFileType = folder.assetcatalog; path = "Preview Assets.xcassets"; sourceTree = "<group>"; };
		808FFB7A296F398A0049E658 /* astronauts.json */ = {isa = PBXFileReference; fileEncoding = 4; lastKnownFileType = text.json; path = astronauts.json; sourceTree = "<group>"; };
		808FFB7B296F398A0049E658 /* missions.json */ = {isa = PBXFileReference; fileEncoding = 4; lastKnownFileType = text.json; path = missions.json; sourceTree = "<group>"; };
		808FFB7E296F39DF0049E658 /* Astronaut.swift */ = {isa = PBXFileReference; lastKnownFileType = sourcecode.swift; path = Astronaut.swift; sourceTree = "<group>"; };
		808FFB80296F3A620049E658 /* Bundle-Decodable.swift */ = {isa = PBXFileReference; lastKnownFileType = sourcecode.swift; path = "Bundle-Decodable.swift"; sourceTree = "<group>"; };
		808FFB82296F3C530049E658 /* Mission.swift */ = {isa = PBXFileReference; lastKnownFileType = sourcecode.swift; path = Mission.swift; sourceTree = "<group>"; };
		808FFB84296F42A70049E658 /* Color-Theme.swift */ = {isa = PBXFileReference; lastKnownFileType = sourcecode.swift; path = "Color-Theme.swift"; sourceTree = "<group>"; };
		808FFB86296F45E70049E658 /* MissionView.swift */ = {isa = PBXFileReference; lastKnownFileType = sourcecode.swift; path = MissionView.swift; sourceTree = "<group>"; };
		808FFB88296F501F0049E658 /* AstronautView.swift */ = {isa = PBXFileReference; lastKnownFileType = sourcecode.swift; path = AstronautView.swift; sourceTree = "<group>"; };
/* End PBXFileReference section */

/* Begin PBXFrameworksBuildPhase section */
		808FFB66296E6D2B0049E658 /* Frameworks */ = {
			isa = PBXFrameworksBuildPhase;
			buildActionMask = 2147483647;
			files = (
			);
			runOnlyForDeploymentPostprocessing = 0;
		};
/* End PBXFrameworksBuildPhase section */

/* Begin PBXGroup section */
		808FFB60296E6D2B0049E658 = {
			isa = PBXGroup;
			children = (
				808FFB6B296E6D2B0049E658 /* Moonshot */,
				808FFB6A296E6D2B0049E658 /* Products */,
			);
			sourceTree = "<group>";
		};
		808FFB6A296E6D2B0049E658 /* Products */ = {
			isa = PBXGroup;
			children = (
				808FFB69296E6D2B0049E658 /* Moonshot.app */,
			);
			name = Products;
			sourceTree = "<group>";
		};
		808FFB6B296E6D2B0049E658 /* Moonshot */ = {
			isa = PBXGroup;
			children = (
				808FFB6C296E6D2B0049E658 /* MoonshotApp.swift */,
				808FFB6E296E6D2B0049E658 /* ContentView.swift */,
				808FFB86296F45E70049E658 /* MissionView.swift */,
				808FFB88296F501F0049E658 /* AstronautView.swift */,
				808FFB84296F42A70049E658 /* Color-Theme.swift */,
				808FFB82296F3C530049E658 /* Mission.swift */,
				808FFB7E296F39DF0049E658 /* Astronaut.swift */,
				808FFB80296F3A620049E658 /* Bundle-Decodable.swift */,
				808FFB7A296F398A0049E658 /* astronauts.json */,
				808FFB7B296F398A0049E658 /* missions.json */,
				808FFB70296E6D2C0049E658 /* Assets.xcassets */,
				808FFB72296E6D2C0049E658 /* Preview Content */,
			);
			path = Moonshot;
			sourceTree = "<group>";
		};
		808FFB72296E6D2C0049E658 /* Preview Content */ = {
			isa = PBXGroup;
			children = (
				808FFB73296E6D2C0049E658 /* Preview Assets.xcassets */,
			);
			path = "Preview Content";
			sourceTree = "<group>";
		};
/* End PBXGroup section */

/* Begin PBXNativeTarget section */
		808FFB68296E6D2B0049E658 /* Moonshot */ = {
			isa = PBXNativeTarget;
			buildConfigurationList = 808FFB77296E6D2C0049E658 /* Build configuration list for PBXNativeTarget "Moonshot" */;
			buildPhases = (
				808FFB65296E6D2B0049E658 /* Sources */,
				808FFB66296E6D2B0049E658 /* Frameworks */,
				808FFB67296E6D2B0049E658 /* Resources */,
			);
			buildRules = (
			);
			dependencies = (
			);
			name = Moonshot;
			productName = Moonshot;
			productReference = 808FFB69296E6D2B0049E658 /* Moonshot.app */;
			productType = "com.apple.product-type.application";
		};
/* End PBXNativeTarget section */

/* Begin PBXProject section */
		808FFB61296E6D2B0049E658 /* Project object */ = {
			isa = PBXProject;
			attributes = {
				BuildIndependentTargetsInParallel = 1;
				LastSwiftUpdateCheck = 1420;
				LastUpgradeCheck = 1420;
				TargetAttributes = {
					808FFB68296E6D2B0049E658 = {
						CreatedOnToolsVersion = 14.2;
					};
				};
			};
			buildConfigurationList = 808FFB64296E6D2B0049E658 /* Build configuration list for PBXProject "Moonshot" */;
			compatibilityVersion = "Xcode 14.0";
			developmentRegion = en;
			hasScannedForEncodings = 0;
			knownRegions = (
				en,
				Base,
			);
			mainGroup = 808FFB60296E6D2B0049E658;
			productRefGroup = 808FFB6A296E6D2B0049E658 /* Products */;
			projectDirPath = "";
			projectRoot = "";
			targets = (
				808FFB68296E6D2B0049E658 /* Moonshot */,
			);
		};
/* End PBXProject section */

/* Begin PBXResourcesBuildPhase section */
		808FFB67296E6D2B0049E658 /* Resources */ = {
			isa = PBXResourcesBuildPhase;
			buildActionMask = 2147483647;
			files = (
				808FFB7C296F398A0049E658 /* astronauts.json in Resources */,
				808FFB74296E6D2C0049E658 /* Preview Assets.xcassets in Resources */,
				808FFB7D296F398A0049E658 /* missions.json in Resources */,
				808FFB71296E6D2C0049E658 /* Assets.xcassets in Resources */,
			);
			runOnlyForDeploymentPostprocessing = 0;
		};
/* End PBXResourcesBuildPhase section */

/* Begin PBXSourcesBuildPhase section */
		808FFB65296E6D2B0049E658 /* Sources */ = {
			isa = PBXSourcesBuildPhase;
			buildActionMask = 2147483647;
			files = (
				808FFB87296F45E70049E658 /* MissionView.swift in Sources */,
				808FFB7F296F39DF0049E658 /* Astronaut.swift in Sources */,
				808FFB89296F501F0049E658 /* AstronautView.swift in Sources */,
				808FFB85296F42A70049E658 /* Color-Theme.swift in Sources */,
				808FFB6F296E6D2B0049E658 /* ContentView.swift in Sources */,
				808FFB6D296E6D2B0049E658 /* MoonshotApp.swift in Sources */,
				808FFB83296F3C530049E658 /* Mission.swift in Sources */,
				808FFB81296F3A620049E658 /* Bundle-Decodable.swift in Sources */,
			);
			runOnlyForDeploymentPostprocessing = 0;
		};
/* End PBXSourcesBuildPhase section */

/* Begin XCBuildConfiguration section */
		808FFB75296E6D2C0049E658 /* Debug */ = {
			isa = XCBuildConfiguration;
			buildSettings = {
				ALWAYS_SEARCH_USER_PATHS = NO;
				CLANG_ANALYZER_NONNULL = YES;
				CLANG_ANALYZER_NUMBER_OBJECT_CONVERSION = YES_AGGRESSIVE;
				CLANG_CXX_LANGUAGE_STANDARD = "gnu++20";
				CLANG_ENABLE_MODULES = YES;
				CLANG_ENABLE_OBJC_ARC = YES;
				CLANG_ENABLE_OBJC_WEAK = YES;
				CLANG_WARN_BLOCK_CAPTURE_AUTORELEASING = YES;
				CLANG_WARN_BOOL_CONVERSION = YES;
				CLANG_WARN_COMMA = YES;
				CLANG_WARN_CONSTANT_CONVERSION = YES;
				CLANG_WARN_DEPRECATED_OBJC_IMPLEMENTATIONS = YES;
				CLANG_WARN_DIRECT_OBJC_ISA_USAGE = YES_ERROR;
				CLANG_WARN_DOCUMENTATION_COMMENTS = YES;
				CLANG_WARN_EMPTY_BODY = YES;
				CLANG_WARN_ENUM_CONVERSION = YES;
				CLANG_WARN_INFINITE_RECURSION = YES;
				CLANG_WARN_INT_CONVERSION = YES;
				CLANG_WARN_NON_LITERAL_NULL_CONVERSION = YES;
				CLANG_WARN_OBJC_IMPLICIT_RETAIN_SELF = YES;
				CLANG_WARN_OBJC_LITERAL_CONVERSION = YES;
				CLANG_WARN_OBJC_ROOT_CLASS = YES_ERROR;
				CLANG_WARN_QUOTED_INCLUDE_IN_FRAMEWORK_HEADER = YES;
				CLANG_WARN_RANGE_LOOP_ANALYSIS = YES;
				CLANG_WARN_STRICT_PROTOTYPES = YES;
				CLANG_WARN_SUSPICIOUS_MOVE = YES;
				CLANG_WARN_UNGUARDED_AVAILABILITY = YES_AGGRESSIVE;
				CLANG_WARN_UNREACHABLE_CODE = YES;
				CLANG_WARN__DUPLICATE_METHOD_MATCH = YES;
				COPY_PHASE_STRIP = NO;
				DEBUG_INFORMATION_FORMAT = dwarf;
				ENABLE_STRICT_OBJC_MSGSEND = YES;
				ENABLE_TESTABILITY = YES;
				GCC_C_LANGUAGE_STANDARD = gnu11;
				GCC_DYNAMIC_NO_PIC = NO;
				GCC_NO_COMMON_BLOCKS = YES;
				GCC_OPTIMIZATION_LEVEL = 0;
				GCC_PREPROCESSOR_DEFINITIONS = (
					"DEBUG=1",
					"$(inherited)",
				);
				GCC_WARN_64_TO_32_BIT_CONVERSION = YES;
				GCC_WARN_ABOUT_RETURN_TYPE = YES_ERROR;
				GCC_WARN_UNDECLARED_SELECTOR = YES;
				GCC_WARN_UNINITIALIZED_AUTOS = YES_AGGRESSIVE;
				GCC_WARN_UNUSED_FUNCTION = YES;
				GCC_WARN_UNUSED_VARIABLE = YES;
				IPHONEOS_DEPLOYMENT_TARGET = 16.2;
				MTL_ENABLE_DEBUG_INFO = INCLUDE_SOURCE;
				MTL_FAST_MATH = YES;
				ONLY_ACTIVE_ARCH = YES;
				SDKROOT = iphoneos;
				SWIFT_ACTIVE_COMPILATION_CONDITIONS = DEBUG;
				SWIFT_OPTIMIZATION_LEVEL = "-Onone";
			};
			name = Debug;
		};
		808FFB76296E6D2C0049E658 /* Release */ = {
			isa = XCBuildConfiguration;
			buildSettings = {
				ALWAYS_SEARCH_USER_PATHS = NO;
				CLANG_ANALYZER_NONNULL = YES;
				CLANG_ANALYZER_NUMBER_OBJECT_CONVERSION = YES_AGGRESSIVE;
				CLANG_CXX_LANGUAGE_STANDARD = "gnu++20";
				CLANG_ENABLE_MODULES = YES;
				CLANG_ENABLE_OBJC_ARC = YES;
				CLANG_ENABLE_OBJC_WEAK = YES;
				CLANG_WARN_BLOCK_CAPTURE_AUTORELEASING = YES;
				CLANG_WARN_BOOL_CONVERSION = YES;
				CLANG_WARN_COMMA = YES;
				CLANG_WARN_CONSTANT_CONVERSION = YES;
				CLANG_WARN_DEPRECATED_OBJC_IMPLEMENTATIONS = YES;
				CLANG_WARN_DIRECT_OBJC_ISA_USAGE = YES_ERROR;
				CLANG_WARN_DOCUMENTATION_COMMENTS = YES;
				CLANG_WARN_EMPTY_BODY = YES;
				CLANG_WARN_ENUM_CONVERSION = YES;
				CLANG_WARN_INFINITE_RECURSION = YES;
				CLANG_WARN_INT_CONVERSION = YES;
				CLANG_WARN_NON_LITERAL_NULL_CONVERSION = YES;
				CLANG_WARN_OBJC_IMPLICIT_RETAIN_SELF = YES;
				CLANG_WARN_OBJC_LITERAL_CONVERSION = YES;
				CLANG_WARN_OBJC_ROOT_CLASS = YES_ERROR;
				CLANG_WARN_QUOTED_INCLUDE_IN_FRAMEWORK_HEADER = YES;
				CLANG_WARN_RANGE_LOOP_ANALYSIS = YES;
				CLANG_WARN_STRICT_PROTOTYPES = YES;
				CLANG_WARN_SUSPICIOUS_MOVE = YES;
				CLANG_WARN_UNGUARDED_AVAILABILITY = YES_AGGRESSIVE;
				CLANG_WARN_UNREACHABLE_CODE = YES;
				CLANG_WARN__DUPLICATE_METHOD_MATCH = YES;
				COPY_PHASE_STRIP = NO;
				DEBUG_INFORMATION_FORMAT = "dwarf-with-dsym";
				ENABLE_NS_ASSERTIONS = NO;
				ENABLE_STRICT_OBJC_MSGSEND = YES;
				GCC_C_LANGUAGE_STANDARD = gnu11;
				GCC_NO_COMMON_BLOCKS = YES;
				GCC_WARN_64_TO_32_BIT_CONVERSION = YES;
				GCC_WARN_ABOUT_RETURN_TYPE = YES_ERROR;
				GCC_WARN_UNDECLARED_SELECTOR = YES;
				GCC_WARN_UNINITIALIZED_AUTOS = YES_AGGRESSIVE;
				GCC_WARN_UNUSED_FUNCTION = YES;
				GCC_WARN_UNUSED_VARIABLE = YES;
				IPHONEOS_DEPLOYMENT_TARGET = 16.2;
				MTL_ENABLE_DEBUG_INFO = NO;
				MTL_FAST_MATH = YES;
				SDKROOT = iphoneos;
				SWIFT_COMPILATION_MODE = wholemodule;
				SWIFT_OPTIMIZATION_LEVEL = "-O";
				VALIDATE_PRODUCT = YES;
			};
			name = Release;
		};
		808FFB78296E6D2C0049E658 /* Debug */ = {
			isa = XCBuildConfiguration;
			buildSettings = {
				ASSETCATALOG_COMPILER_APPICON_NAME = AppIcon;
				ASSETCATALOG_COMPILER_GLOBAL_ACCENT_COLOR_NAME = AccentColor;
				CODE_SIGN_STYLE = Automatic;
				CURRENT_PROJECT_VERSION = 1;
				DEVELOPMENT_ASSET_PATHS = "\"Moonshot/Preview Content\"";
				DEVELOPMENT_TEAM = W98MYSZ29D;
				ENABLE_PREVIEWS = YES;
				GENERATE_INFOPLIST_FILE = YES;
				INFOPLIST_KEY_UIApplicationSceneManifest_Generation = YES;
				INFOPLIST_KEY_UIApplicationSupportsIndirectInputEvents = YES;
				INFOPLIST_KEY_UILaunchScreen_Generation = YES;
				INFOPLIST_KEY_UISupportedInterfaceOrientations_iPad = "UIInterfaceOrientationPortrait UIInterfaceOrientationPortraitUpsideDown UIInterfaceOrientationLandscapeLeft UIInterfaceOrientationLandscapeRight";
				INFOPLIST_KEY_UISupportedInterfaceOrientations_iPhone = "UIInterfaceOrientationPortrait UIInterfaceOrientationLandscapeLeft UIInterfaceOrientationLandscapeRight";
				LD_RUNPATH_SEARCH_PATHS = (
					"$(inherited)",
					"@executable_path/Frameworks",
				);
				MARKETING_VERSION = 1.0;
				PRODUCT_BUNDLE_IDENTIFIER = in.vaibhavmahajan.Moonshot;
				PRODUCT_NAME = "$(TARGET_NAME)";
				SWIFT_EMIT_LOC_STRINGS = YES;
				SWIFT_VERSION = 5.0;
				TARGETED_DEVICE_FAMILY = "1,2";
			};
			name = Debug;
		};
		808FFB79296E6D2C0049E658 /* Release */ = {
			isa = XCBuildConfiguration;
			buildSettings = {
				ASSETCATALOG_COMPILER_APPICON_NAME = AppIcon;
				ASSETCATALOG_COMPILER_GLOBAL_ACCENT_COLOR_NAME = AccentColor;
				CODE_SIGN_STYLE = Automatic;
				CURRENT_PROJECT_VERSION = 1;
				DEVELOPMENT_ASSET_PATHS = "\"Moonshot/Preview Content\"";
				DEVELOPMENT_TEAM = W98MYSZ29D;
				ENABLE_PREVIEWS = YES;
				GENERATE_INFOPLIST_FILE = YES;
				INFOPLIST_KEY_UIApplicationSceneManifest_Generation = YES;
				INFOPLIST_KEY_UIApplicationSupportsIndirectInputEvents = YES;
				INFOPLIST_KEY_UILaunchScreen_Generation = YES;
				INFOPLIST_KEY_UISupportedInterfaceOrientations_iPad = "UIInterfaceOrientationPortrait UIInterfaceOrientationPortraitUpsideDown UIInterfaceOrientationLandscapeLeft UIInterfaceOrientationLandscapeRight";
				INFOPLIST_KEY_UISupportedInterfaceOrientations_iPhone = "UIInterfaceOrientationPortrait UIInterfaceOrientationLandscapeLeft UIInterfaceOrientationLandscapeRight";
				LD_RUNPATH_SEARCH_PATHS = (
					"$(inherited)",
					"@executable_path/Frameworks",
				);
				MARKETING_VERSION = 1.0;
				PRODUCT_BUNDLE_IDENTIFIER = in.vaibhavmahajan.Moonshot;
				PRODUCT_NAME = "$(TARGET_NAME)";
				SWIFT_EMIT_LOC_STRINGS = YES;
				SWIFT_VERSION = 5.0;
				TARGETED_DEVICE_FAMILY = "1,2";
			};
			name = Release;
		};
/* End XCBuildConfiguration section */

/* Begin XCConfigurationList section */
		808FFB64296E6D2B0049E658 /* Build configuration list for PBXProject "Moonshot" */ = {
			isa = XCConfigurationList;
			buildConfigurations = (
				808FFB75296E6D2C0049E658 /* Debug */,
				808FFB76296E6D2C0049E658 /* Release */,
			);
			defaultConfigurationIsVisible = 0;
			defaultConfigurationName = Release;
		};
		808FFB77296E6D2C0049E658 /* Build configuration list for PBXNativeTarget "Moonshot" */ = {
			isa = XCConfigurationList;
			buildConfigurations = (
				808FFB78296E6D2C0049E658 /* Debug */,
				808FFB79296E6D2C0049E658 /* Release */,
			);
			defaultConfigurationIsVisible = 0;
			defaultConfigurationName = Release;
		};
/* End XCConfigurationList section */
	};
	rootObject = 808FFB61296E6D2B0049E658 /* Project object */;
}
